{
  "name": "mockserver2",
  "version": "1.0.0",
  "lockfileVersion": 2,
  "requires": true,
  "author": "abdul",
  "description": "mock server app",
  "keywords": [],
  "license": "ISC",
  "main": "server.js",
  "packages": {
    "": {
      "name": "mockserver2",
      "version": "1.0.0",
      "license": "ISC",
      "dependencies": {
        "json-server": "^0.17.4"
      }
    },
    "node_modules/json-server": {
      "version": "0.17.4",
      "integrity": "sha512-bGBb0WtFuAKbgI7JV3A864irWnMZSvBYRJbohaOuatHwKSRFUfqtQlrYMrB6WbalXy/cJabyjlb7JkHli6dYjQ==",
      "dependencies": {
        "body-parser": "^1.19.0",
        "chalk": "^4.1.2",
        "compression": "^1.7.4",
        "connect-pause": "^0.1.1",
        "cors": "^2.8.5",
        "errorhandler": "^1.5.1",
        "express": "^4.17.1",
        "express-urlrewrite": "^1.4.0",
        "json-parse-helpfulerror": "^1.0.3",
        "lodash": "^4.17.21",
        "lodash-id": "^0.14.1",
        "lowdb": "^1.0.0",
        "method-override": "^3.0.0",
        "morgan": "^1.10.0",
        "nanoid": "^3.1.23",
        "please-upgrade-node": "^3.2.0",
        "pluralize": "^8.0.0",
        "server-destroy": "^1.0.1",
        "yargs": "^17.0.1"
      },
      "bin": {
        "json-server": "lib/cli/bin.js"
      },
      "engines": {
        "node": ">=12"
      }
    }
  },
  "dependencies": {
    "json-server": {
      "version": "0.17.4",
      "requires": {
        "body-parser": "^1.19.0",
        "chalk": "^4.1.2",
        "compression": "^1.7.4",
        "connect-pause": "^0.1.1",
        "cors": "^2.8.5",
        "errorhandler": "^1.5.1",
        "express": "^4.17.1",
        "express-urlrewrite": "^1.4.0",
        "json-parse-helpfulerror": "^1.0.3",
        "lodash": "^4.17.21",
        "lodash-id": "^0.14.1",
        "lowdb": "^1.0.0",
        "method-override": "^3.0.0",
        "morgan": "^1.10.0",
        "nanoid": "^3.1.23",
        "please-upgrade-node": "^3.2.0",
        "pluralize": "^8.0.0",
        "server-destroy": "^1.0.1",
        "yargs": "^17.0.1"
      }
    }
  },
  "scripts": {
    "start": "node server.js"
  }
}
